
Microsoft Visual Studio Solution File, Format Version 11.00
# Visual Studio 2010
Project("{FAE04EC0-301F-11D3-BF4B-00C04F79EFBC}") = "Assembly-CSharp", "Assembly-CSharp.csproj", "{412DF81C-C41E-989F-EE1B-D2B12F4A4E99}"
EndProject
Project("{FAE04EC0-301F-11D3-BF4B-00C04F79EFBC}") = "Assembly-CSharp-Editor", "Assembly-CSharp-Editor.csproj", "{5E60B979-F3E8-E1F5-9954-29036978F230}"
EndProject
Global
	GlobalSection(SolutionConfigurationPlatforms) = preSolution
		Debug|Any CPU = Debug|Any CPU
		Release|Any CPU = Release|Any CPU
	EndGlobalSection
	GlobalSection(ProjectConfigurationPlatforms) = postSolution
		{412DF81C-C41E-989F-EE1B-D2B12F4A4E99}.Debug|Any CPU.ActiveCfg = Debug|Any CPU
		{412DF81C-C41E-989F-EE1B-D2B12F4A4E99}.Debug|Any CPU.Build.0 = Debug|Any CPU
		{412DF81C-C41E-989F-EE1B-D2B12F4A4E99}.Release|Any CPU.ActiveCfg = Release|Any CPU
		{412DF81C-C41E-989F-EE1B-D2B12F4A4E99}.Release|Any CPU.Build.0 = Release|Any CPU
		{5E60B979-F3E8-E1F5-9954-29036978F230}.Debug|Any CPU.ActiveCfg = Debug|Any CPU
		{5E60B979-F3E8-E1F5-9954-29036978F230}.Debug|Any CPU.Build.0 = Debug|Any CPU
		{5E60B979-F3E8-E1F5-9954-29036978F230}.Release|Any CPU.ActiveCfg = Release|Any CPU
		{5E60B979-F3E8-E1F5-9954-29036978F230}.Release|Any CPU.Build.0 = Release|Any CPU
	EndGlobalSection
	GlobalSection(SolutionProperties) = preSolution
		HideSolutionNode = FALSE
	EndGlobalSection
	GlobalSection(MonoDevelopProperties) = preSolution
		StartupItem = Assembly-CSharp.csproj
	EndGlobalSection
EndGlobal
